// !$*UTF8*$!
{
	archiveVersion = 1;
	classes = {
	};
	objectVersion = 56;
	objects = {

/* Begin PBXBuildFile section */
		136AAC722A66D5F200CA3797 /* TextModifier.swift in Sources */ = {isa = PBXBuildFile; fileRef = 136AAC712A66D5F200CA3797 /* TextModifier.swift */; };
		136AAC742A66E25100CA3797 /* MyStrengthView.swift in Sources */ = {isa = PBXBuildFile; fileRef = 136AAC732A66E25100CA3797 /* MyStrengthView.swift */; };
		136AAC762A66E29600CA3797 /* AddStrengthModal.swift in Sources */ = {isa = PBXBuildFile; fileRef = 136AAC752A66E29600CA3797 /* AddStrengthModal.swift */; };
		136AAC7A2A66E2D500CA3797 /* SelectLevelModal.swift in Sources */ = {isa = PBXBuildFile; fileRef = 136AAC792A66E2D500CA3797 /* SelectLevelModal.swift */; };
		136AAC7C2A66E30E00CA3797 /* SelectBtn.swift in Sources */ = {isa = PBXBuildFile; fileRef = 136AAC7B2A66E30E00CA3797 /* SelectBtn.swift */; };
		136AAC7E2A66E32500CA3797 /* CloseBtn.swift in Sources */ = {isa = PBXBuildFile; fileRef = 136AAC7D2A66E32500CA3797 /* CloseBtn.swift */; };
		136AAC802A66E33800CA3797 /* CustomList.swift in Sources */ = {isa = PBXBuildFile; fileRef = 136AAC7F2A66E33800CA3797 /* CustomList.swift */; };
		136AAC832A66E37400CA3797 /* StrengthModal.swift in Sources */ = {isa = PBXBuildFile; fileRef = 136AAC822A66E37400CA3797 /* StrengthModal.swift */; };
		136AAC892A676E5500CA3797 /* SearchConnectionView.swift in Sources */ = {isa = PBXBuildFile; fileRef = 136AAC882A676E5500CA3797 /* SearchConnectionView.swift */; };
		136AAC8B2A676FEF00CA3797 /* CustomConnectionList.swift in Sources */ = {isa = PBXBuildFile; fileRef = 136AAC8A2A676FEF00CA3797 /* CustomConnectionList.swift */; };
		136AE40D2A720657009A6F9D /* FilterModel.swift in Sources */ = {isa = PBXBuildFile; fileRef = 136AE40C2A720656009A6F9D /* FilterModel.swift */; };
		1373F05A2A67CD26001A704D /* StrengthList.swift in Sources */ = {isa = PBXBuildFile; fileRef = 1373F0592A67CD26001A704D /* StrengthList.swift */; };
		1373F05F2A692A08001A704D /* SwipeItemView.swift in Sources */ = {isa = PBXBuildFile; fileRef = 1373F05E2A692A08001A704D /* SwipeItemView.swift */; };
		1373F0632A6959F4001A704D /* RounededCorner.swift in Sources */ = {isa = PBXBuildFile; fileRef = 1373F0622A6959F4001A704D /* RounededCorner.swift */; };
		137997702A64C5AA008F5F01 /* DotsApp.swift in Sources */ = {isa = PBXBuildFile; fileRef = 1379976F2A64C5AA008F5F01 /* DotsApp.swift */; };
		137997742A64C5AC008F5F01 /* Assets.xcassets in Resources */ = {isa = PBXBuildFile; fileRef = 137997732A64C5AC008F5F01 /* Assets.xcassets */; };
		137997772A64C5AC008F5F01 /* Preview Assets.xcassets in Resources */ = {isa = PBXBuildFile; fileRef = 137997762A64C5AC008F5F01 /* Preview Assets.xcassets */; };
		137997792A64C5AC008F5F01 /* Persistence.swift in Sources */ = {isa = PBXBuildFile; fileRef = 137997782A64C5AC008F5F01 /* Persistence.swift */; };
		137997872A64C661008F5F01 /* MainView.swift in Sources */ = {isa = PBXBuildFile; fileRef = 137997862A64C661008F5F01 /* MainView.swift */; };
		300A8AE12A6FE5B4005FAB3E /* ConnectionAddStrengthModal.swift in Sources */ = {isa = PBXBuildFile; fileRef = 300A8AE02A6FE5B4005FAB3E /* ConnectionAddStrengthModal.swift */; };
		300A8AED2A720A60005FAB3E /* ConnectionProfileEditView.swift in Sources */ = {isa = PBXBuildFile; fileRef = 300A8AEC2A720A60005FAB3E /* ConnectionProfileEditView.swift */; };
		300A8AF12A726F34005FAB3E /* WrappingHStack.swift in Sources */ = {isa = PBXBuildFile; fileRef = 300A8AF02A726F34005FAB3E /* WrappingHStack.swift */; };
		307D76B42A6E574600847DA8 /* PopGesture.swift in Sources */ = {isa = PBXBuildFile; fileRef = 307D76B32A6E574600847DA8 /* PopGesture.swift */; };
		30D982912A68CFBE00E89B37 /* ConnectionDetailView.swift in Sources */ = {isa = PBXBuildFile; fileRef = 30D982902A68CFBE00E89B37 /* ConnectionDetailView.swift */; };
		30E33A9E2A6E1A50009A7905 /* ConnectionNoteList.swift in Sources */ = {isa = PBXBuildFile; fileRef = 30E33A9D2A6E1A50009A7905 /* ConnectionNoteList.swift */; };
		3D0B1F222A654AED0012A6F4 /* DotsDataManager.swift in Sources */ = {isa = PBXBuildFile; fileRef = 3D0B1F212A654AED0012A6F4 /* DotsDataManager.swift */; };
		3D0B1F242A654BD20012A6F4 /* DotsModel.swift in Sources */ = {isa = PBXBuildFile; fileRef = 3D0B1F232A654BD20012A6F4 /* DotsModel.swift */; };
		3D0B1F282A67882F0012A6F4 /* Ex+DotsModel_Create.swift in Sources */ = {isa = PBXBuildFile; fileRef = 3D0B1F272A67882F0012A6F4 /* Ex+DotsModel_Create.swift */; };
		3D0B1F2A2A6A29EE0012A6F4 /* Ex+MyStrengthNoteEntity.swift in Sources */ = {isa = PBXBuildFile; fileRef = 3D0B1F292A6A29EE0012A6F4 /* Ex+MyStrengthNoteEntity.swift */; };
		3D0B1F2C2A6A2A040012A6F4 /* Ex+NetworkingPersonEntity.swift in Sources */ = {isa = PBXBuildFile; fileRef = 3D0B1F2B2A6A2A040012A6F4 /* Ex+NetworkingPersonEntity.swift */; };
		3D0B1F2E2A6BA1770012A6F4 /* SearchFilterView.swift in Sources */ = {isa = PBXBuildFile; fileRef = 3D0B1F2D2A6BA1770012A6F4 /* SearchFilterView.swift */; };
		3D0B1F312A6BA1B20012A6F4 /* SearchFilterListRow.swift in Sources */ = {isa = PBXBuildFile; fileRef = 3D0B1F302A6BA1B20012A6F4 /* SearchFilterListRow.swift */; };
		3D0B1F332A6D71C70012A6F4 /* SearchFilterDetailView.swift in Sources */ = {isa = PBXBuildFile; fileRef = 3D0B1F322A6D71C70012A6F4 /* SearchFilterDetailView.swift */; };
		3D0B1F372A6E113C0012A6F4 /* Ex+Color.swift in Sources */ = {isa = PBXBuildFile; fileRef = 3D0B1F362A6E113C0012A6F4 /* Ex+Color.swift */; };
		3D0B1F392A6ED76D0012A6F4 /* Ex+View.swift in Sources */ = {isa = PBXBuildFile; fileRef = 3D0B1F382A6ED76D0012A6F4 /* Ex+View.swift */; };
		3D0B1F3C2A6FD8950012A6F4 /* MetaballAnimation.swift in Sources */ = {isa = PBXBuildFile; fileRef = 3D0B1F3B2A6FD8950012A6F4 /* MetaballAnimation.swift */; };
		3DA321E22A71F487005E70D0 /* StrengthLevelImage.swift in Sources */ = {isa = PBXBuildFile; fileRef = 3DA321E12A71F487005E70D0 /* StrengthLevelImage.swift */; };
		3DA321EC2A720F86005E70D0 /* ContactsListRow.swift in Sources */ = {isa = PBXBuildFile; fileRef = 3DA321EB2A720F86005E70D0 /* ContactsListRow.swift */; };
		3DA321EF2A735D0E005E70D0 /* AddStrengthSheet.swift in Sources */ = {isa = PBXBuildFile; fileRef = 3DA321EE2A735D0E005E70D0 /* AddStrengthSheet.swift */; };
		A1349E332A64E81C0006611C /* AddContactsView.swift in Sources */ = {isa = PBXBuildFile; fileRef = A1349E322A64E81C0006611C /* AddContactsView.swift */; };
		A1349E3E2A6796100006611C /* ContactsUserProfile.swift in Sources */ = {isa = PBXBuildFile; fileRef = A1349E3D2A6796100006611C /* ContactsUserProfile.swift */; };
		A192A2492A69742C0071A79C /* ContactsSelectListView.swift in Sources */ = {isa = PBXBuildFile; fileRef = A192A2482A69742C0071A79C /* ContactsSelectListView.swift */; };
		A1EDAD392A713049002B6BC0 /* ContactsNameField.swift in Sources */ = {isa = PBXBuildFile; fileRef = A1EDAD382A713049002B6BC0 /* ContactsNameField.swift */; };
		A1EDAD3B2A7131E0002B6BC0 /* ContactsCompanyField.swift in Sources */ = {isa = PBXBuildFile; fileRef = A1EDAD3A2A7131E0002B6BC0 /* ContactsCompanyField.swift */; };
		A1EDAD3D2A7132DE002B6BC0 /* ContactsJobField.swift in Sources */ = {isa = PBXBuildFile; fileRef = A1EDAD3C2A7132DE002B6BC0 /* ContactsJobField.swift */; };
		A1EDAD3F2A71333F002B6BC0 /* ContactsPhoneField.swift in Sources */ = {isa = PBXBuildFile; fileRef = A1EDAD3E2A71333F002B6BC0 /* ContactsPhoneField.swift */; };
		A1EDAD412A7133A8002B6BC0 /* ContactsEmailField.swift in Sources */ = {isa = PBXBuildFile; fileRef = A1EDAD402A7133A8002B6BC0 /* ContactsEmailField.swift */; };
		A1EDAD432A7133F3002B6BC0 /* ContactsSNSField.swift in Sources */ = {isa = PBXBuildFile; fileRef = A1EDAD422A7133F3002B6BC0 /* ContactsSNSField.swift */; };
		A1EDAD452A715D7A002B6BC0 /* ContactsStrengthField.swift in Sources */ = {isa = PBXBuildFile; fileRef = A1EDAD442A715D7A002B6BC0 /* ContactsStrengthField.swift */; };
		A1FC02CA2A75086900B3C319 /* ContactsImageSelect.swift in Sources */ = {isa = PBXBuildFile; fileRef = A1FC02C92A75086900B3C319 /* ContactsImageSelect.swift */; };
		B42D94D32A6FDD0D008F555D /* ChangeLevelModal.swift in Sources */ = {isa = PBXBuildFile; fileRef = B42D94D22A6FDD0D008F555D /* ChangeLevelModal.swift */; };
		B4717A652A72CA0000153B9E /* KRDate.swift in Sources */ = {isa = PBXBuildFile; fileRef = B4717A642A72CA0000153B9E /* KRDate.swift */; };
		B496369C2A73568300C7F59F /* CreateNoteModal.swift in Sources */ = {isa = PBXBuildFile; fileRef = B496369B2A73568300C7F59F /* CreateNoteModal.swift */; };
		B496369E2A73569E00C7F59F /* OpenNoteModal.swift in Sources */ = {isa = PBXBuildFile; fileRef = B496369D2A73569E00C7F59F /* OpenNoteModal.swift */; };
		B4A146AD2A7039660087267A /* DotsDataContainer.xcdatamodeld in Sources */ = {isa = PBXBuildFile; fileRef = 1379977A2A64C5AC008F5F01 /* DotsDataContainer.xcdatamodeld */; };
		B4E701992A680678007A3876 /* StrengthNoteList.swift in Sources */ = {isa = PBXBuildFile; fileRef = B4E701982A680678007A3876 /* StrengthNoteList.swift */; };
		B4E7019B2A681C7F007A3876 /* PortraitBtn.swift in Sources */ = {isa = PBXBuildFile; fileRef = B4E7019A2A681C7F007A3876 /* PortraitBtn.swift */; };
		B4EB47212A6774430073E514 /* MyStrengthDetailView.swift in Sources */ = {isa = PBXBuildFile; fileRef = B4EB47202A6774430073E514 /* MyStrengthDetailView.swift */; };
/* End PBXBuildFile section */

/* Begin PBXFileReference section */
		136AAC712A66D5F200CA3797 /* TextModifier.swift */ = {isa = PBXFileReference; lastKnownFileType = sourcecode.swift; path = TextModifier.swift; sourceTree = "<group>"; };
		136AAC732A66E25100CA3797 /* MyStrengthView.swift */ = {isa = PBXFileReference; lastKnownFileType = sourcecode.swift; path = MyStrengthView.swift; sourceTree = "<group>"; };
		136AAC752A66E29600CA3797 /* AddStrengthModal.swift */ = {isa = PBXFileReference; lastKnownFileType = sourcecode.swift; path = AddStrengthModal.swift; sourceTree = "<group>"; };
		136AAC792A66E2D500CA3797 /* SelectLevelModal.swift */ = {isa = PBXFileReference; lastKnownFileType = sourcecode.swift; path = SelectLevelModal.swift; sourceTree = "<group>"; };
		136AAC7B2A66E30E00CA3797 /* SelectBtn.swift */ = {isa = PBXFileReference; lastKnownFileType = sourcecode.swift; path = SelectBtn.swift; sourceTree = "<group>"; };
		136AAC7D2A66E32500CA3797 /* CloseBtn.swift */ = {isa = PBXFileReference; lastKnownFileType = sourcecode.swift; path = CloseBtn.swift; sourceTree = "<group>"; };
		136AAC7F2A66E33800CA3797 /* CustomList.swift */ = {isa = PBXFileReference; lastKnownFileType = sourcecode.swift; path = CustomList.swift; sourceTree = "<group>"; };
		136AAC822A66E37400CA3797 /* StrengthModal.swift */ = {isa = PBXFileReference; lastKnownFileType = sourcecode.swift; path = StrengthModal.swift; sourceTree = "<group>"; };
		136AAC882A676E5500CA3797 /* SearchConnectionView.swift */ = {isa = PBXFileReference; lastKnownFileType = sourcecode.swift; path = SearchConnectionView.swift; sourceTree = "<group>"; };
		136AAC8A2A676FEF00CA3797 /* CustomConnectionList.swift */ = {isa = PBXFileReference; lastKnownFileType = sourcecode.swift; path = CustomConnectionList.swift; sourceTree = "<group>"; };
		136AE40C2A720656009A6F9D /* FilterModel.swift */ = {isa = PBXFileReference; lastKnownFileType = sourcecode.swift; path = FilterModel.swift; sourceTree = "<group>"; };
		1373F0592A67CD26001A704D /* StrengthList.swift */ = {isa = PBXFileReference; lastKnownFileType = sourcecode.swift; path = StrengthList.swift; sourceTree = "<group>"; };
		1373F05E2A692A08001A704D /* SwipeItemView.swift */ = {isa = PBXFileReference; lastKnownFileType = sourcecode.swift; path = SwipeItemView.swift; sourceTree = "<group>"; };
		1373F0622A6959F4001A704D /* RounededCorner.swift */ = {isa = PBXFileReference; lastKnownFileType = sourcecode.swift; path = RounededCorner.swift; sourceTree = "<group>"; };
		1379976C2A64C5AA008F5F01 /* Dots.app */ = {isa = PBXFileReference; explicitFileType = wrapper.application; includeInIndex = 0; path = Dots.app; sourceTree = BUILT_PRODUCTS_DIR; };
		1379976F2A64C5AA008F5F01 /* DotsApp.swift */ = {isa = PBXFileReference; lastKnownFileType = sourcecode.swift; path = DotsApp.swift; sourceTree = "<group>"; };
		137997732A64C5AC008F5F01 /* Assets.xcassets */ = {isa = PBXFileReference; lastKnownFileType = folder.assetcatalog; path = Assets.xcassets; sourceTree = "<group>"; };
		137997762A64C5AC008F5F01 /* Preview Assets.xcassets */ = {isa = PBXFileReference; lastKnownFileType = folder.assetcatalog; path = "Preview Assets.xcassets"; sourceTree = "<group>"; };
		137997782A64C5AC008F5F01 /* Persistence.swift */ = {isa = PBXFileReference; lastKnownFileType = sourcecode.swift; path = Persistence.swift; sourceTree = "<group>"; };
		1379977B2A64C5AC008F5F01 /* Dots.xcdatamodel */ = {isa = PBXFileReference; lastKnownFileType = wrapper.xcdatamodel; path = Dots.xcdatamodel; sourceTree = "<group>"; };
		1379977D2A64C5AC008F5F01 /* Info.plist */ = {isa = PBXFileReference; lastKnownFileType = text.plist.xml; path = Info.plist; sourceTree = "<group>"; };
		137997862A64C661008F5F01 /* MainView.swift */ = {isa = PBXFileReference; lastKnownFileType = sourcecode.swift; path = MainView.swift; sourceTree = "<group>"; };
		300A8AE02A6FE5B4005FAB3E /* ConnectionAddStrengthModal.swift */ = {isa = PBXFileReference; lastKnownFileType = sourcecode.swift; path = ConnectionAddStrengthModal.swift; sourceTree = "<group>"; };
		300A8AEC2A720A60005FAB3E /* ConnectionProfileEditView.swift */ = {isa = PBXFileReference; lastKnownFileType = sourcecode.swift; path = ConnectionProfileEditView.swift; sourceTree = "<group>"; };
		300A8AF02A726F34005FAB3E /* WrappingHStack.swift */ = {isa = PBXFileReference; lastKnownFileType = sourcecode.swift; path = WrappingHStack.swift; sourceTree = "<group>"; };
		307D76B32A6E574600847DA8 /* PopGesture.swift */ = {isa = PBXFileReference; lastKnownFileType = sourcecode.swift; path = PopGesture.swift; sourceTree = "<group>"; };
		30D982902A68CFBE00E89B37 /* ConnectionDetailView.swift */ = {isa = PBXFileReference; lastKnownFileType = sourcecode.swift; path = ConnectionDetailView.swift; sourceTree = "<group>"; };
		30E33A9D2A6E1A50009A7905 /* ConnectionNoteList.swift */ = {isa = PBXFileReference; lastKnownFileType = sourcecode.swift; path = ConnectionNoteList.swift; sourceTree = "<group>"; };
		3D0B1F212A654AED0012A6F4 /* DotsDataManager.swift */ = {isa = PBXFileReference; lastKnownFileType = sourcecode.swift; path = DotsDataManager.swift; sourceTree = "<group>"; };
		3D0B1F232A654BD20012A6F4 /* DotsModel.swift */ = {isa = PBXFileReference; lastKnownFileType = sourcecode.swift; path = DotsModel.swift; sourceTree = "<group>"; };
		3D0B1F272A67882F0012A6F4 /* Ex+DotsModel_Create.swift */ = {isa = PBXFileReference; fileEncoding = 4; lastKnownFileType = sourcecode.swift; path = "Ex+DotsModel_Create.swift"; sourceTree = "<group>"; };
		3D0B1F292A6A29EE0012A6F4 /* Ex+MyStrengthNoteEntity.swift */ = {isa = PBXFileReference; lastKnownFileType = sourcecode.swift; path = "Ex+MyStrengthNoteEntity.swift"; sourceTree = "<group>"; };
		3D0B1F2B2A6A2A040012A6F4 /* Ex+NetworkingPersonEntity.swift */ = {isa = PBXFileReference; lastKnownFileType = sourcecode.swift; path = "Ex+NetworkingPersonEntity.swift"; sourceTree = "<group>"; };
		3D0B1F2D2A6BA1770012A6F4 /* SearchFilterView.swift */ = {isa = PBXFileReference; lastKnownFileType = sourcecode.swift; path = SearchFilterView.swift; sourceTree = "<group>"; };
		3D0B1F302A6BA1B20012A6F4 /* SearchFilterListRow.swift */ = {isa = PBXFileReference; lastKnownFileType = sourcecode.swift; path = SearchFilterListRow.swift; sourceTree = "<group>"; };
		3D0B1F322A6D71C70012A6F4 /* SearchFilterDetailView.swift */ = {isa = PBXFileReference; lastKnownFileType = sourcecode.swift; path = SearchFilterDetailView.swift; sourceTree = "<group>"; };
		3D0B1F362A6E113C0012A6F4 /* Ex+Color.swift */ = {isa = PBXFileReference; fileEncoding = 4; lastKnownFileType = sourcecode.swift; path = "Ex+Color.swift"; sourceTree = "<group>"; };
		3D0B1F382A6ED76D0012A6F4 /* Ex+View.swift */ = {isa = PBXFileReference; lastKnownFileType = sourcecode.swift; path = "Ex+View.swift"; sourceTree = "<group>"; };
		3D0B1F3B2A6FD8950012A6F4 /* MetaballAnimation.swift */ = {isa = PBXFileReference; lastKnownFileType = sourcecode.swift; path = MetaballAnimation.swift; sourceTree = "<group>"; };
		3DA321E12A71F487005E70D0 /* StrengthLevelImage.swift */ = {isa = PBXFileReference; lastKnownFileType = sourcecode.swift; path = StrengthLevelImage.swift; sourceTree = "<group>"; };
		3DA321EB2A720F86005E70D0 /* ContactsListRow.swift */ = {isa = PBXFileReference; lastKnownFileType = sourcecode.swift; path = ContactsListRow.swift; sourceTree = "<group>"; };
		3DA321EE2A735D0E005E70D0 /* AddStrengthSheet.swift */ = {isa = PBXFileReference; lastKnownFileType = sourcecode.swift; path = AddStrengthSheet.swift; sourceTree = "<group>"; };
		A1349E322A64E81C0006611C /* AddContactsView.swift */ = {isa = PBXFileReference; lastKnownFileType = sourcecode.swift; path = AddContactsView.swift; sourceTree = "<group>"; };
		A1349E3D2A6796100006611C /* ContactsUserProfile.swift */ = {isa = PBXFileReference; lastKnownFileType = sourcecode.swift; path = ContactsUserProfile.swift; sourceTree = "<group>"; };
		A192A2482A69742C0071A79C /* ContactsSelectListView.swift */ = {isa = PBXFileReference; lastKnownFileType = sourcecode.swift; path = ContactsSelectListView.swift; sourceTree = "<group>"; };
		A1EDAD382A713049002B6BC0 /* ContactsNameField.swift */ = {isa = PBXFileReference; lastKnownFileType = sourcecode.swift; path = ContactsNameField.swift; sourceTree = "<group>"; };
		A1EDAD3A2A7131E0002B6BC0 /* ContactsCompanyField.swift */ = {isa = PBXFileReference; lastKnownFileType = sourcecode.swift; path = ContactsCompanyField.swift; sourceTree = "<group>"; };
		A1EDAD3C2A7132DE002B6BC0 /* ContactsJobField.swift */ = {isa = PBXFileReference; lastKnownFileType = sourcecode.swift; path = ContactsJobField.swift; sourceTree = "<group>"; };
		A1EDAD3E2A71333F002B6BC0 /* ContactsPhoneField.swift */ = {isa = PBXFileReference; lastKnownFileType = sourcecode.swift; path = ContactsPhoneField.swift; sourceTree = "<group>"; };
		A1EDAD402A7133A8002B6BC0 /* ContactsEmailField.swift */ = {isa = PBXFileReference; lastKnownFileType = sourcecode.swift; path = ContactsEmailField.swift; sourceTree = "<group>"; };
		A1EDAD422A7133F3002B6BC0 /* ContactsSNSField.swift */ = {isa = PBXFileReference; lastKnownFileType = sourcecode.swift; path = ContactsSNSField.swift; sourceTree = "<group>"; };
		A1EDAD442A715D7A002B6BC0 /* ContactsStrengthField.swift */ = {isa = PBXFileReference; lastKnownFileType = sourcecode.swift; path = ContactsStrengthField.swift; sourceTree = "<group>"; };
		A1FC02C92A75086900B3C319 /* ContactsImageSelect.swift */ = {isa = PBXFileReference; lastKnownFileType = sourcecode.swift; path = ContactsImageSelect.swift; sourceTree = "<group>"; };
		A1FC02CC2A760F5E00B3C319 /* Info.plist */ = {isa = PBXFileReference; lastKnownFileType = text.plist.xml; path = Info.plist; sourceTree = "<group>"; };
		B42D94D22A6FDD0D008F555D /* ChangeLevelModal.swift */ = {isa = PBXFileReference; lastKnownFileType = sourcecode.swift; path = ChangeLevelModal.swift; sourceTree = "<group>"; };
		B4717A642A72CA0000153B9E /* KRDate.swift */ = {isa = PBXFileReference; lastKnownFileType = sourcecode.swift; path = KRDate.swift; sourceTree = "<group>"; };
		B496369B2A73568300C7F59F /* CreateNoteModal.swift */ = {isa = PBXFileReference; lastKnownFileType = sourcecode.swift; path = CreateNoteModal.swift; sourceTree = "<group>"; };
		B496369D2A73569E00C7F59F /* OpenNoteModal.swift */ = {isa = PBXFileReference; lastKnownFileType = sourcecode.swift; path = OpenNoteModal.swift; sourceTree = "<group>"; };
		B4E701982A680678007A3876 /* StrengthNoteList.swift */ = {isa = PBXFileReference; lastKnownFileType = sourcecode.swift; path = StrengthNoteList.swift; sourceTree = "<group>"; };
		B4E7019A2A681C7F007A3876 /* PortraitBtn.swift */ = {isa = PBXFileReference; lastKnownFileType = sourcecode.swift; path = PortraitBtn.swift; sourceTree = "<group>"; };
		B4EB47202A6774430073E514 /* MyStrengthDetailView.swift */ = {isa = PBXFileReference; lastKnownFileType = sourcecode.swift; path = MyStrengthDetailView.swift; sourceTree = "<group>"; };
/* End PBXFileReference section */

/* Begin PBXFrameworksBuildPhase section */
		137997692A64C5AA008F5F01 /* Frameworks */ = {
			isa = PBXFrameworksBuildPhase;
			buildActionMask = 2147483647;
			files = (
			);
			runOnlyForDeploymentPostprocessing = 0;
		};
/* End PBXFrameworksBuildPhase section */

/* Begin PBXGroup section */
		136AAC702A66D5DA00CA3797 /* Modifier */ = {
			isa = PBXGroup;
			children = (
				136AAC712A66D5F200CA3797 /* TextModifier.swift */,
			);
			path = Modifier;
			sourceTree = "<group>";
		};
		1373F0612A6959CF001A704D /* Extensions */ = {
			isa = PBXGroup;
			children = (
				1373F0622A6959F4001A704D /* RounededCorner.swift */,
				3D0B1F292A6A29EE0012A6F4 /* Ex+MyStrengthNoteEntity.swift */,
				3D0B1F2B2A6A2A040012A6F4 /* Ex+NetworkingPersonEntity.swift */,
				307D76B32A6E574600847DA8 /* PopGesture.swift */,
				3D0B1F362A6E113C0012A6F4 /* Ex+Color.swift */,
				3D0B1F382A6ED76D0012A6F4 /* Ex+View.swift */,
			);
			path = Extensions;
			sourceTree = "<group>";
		};
		137997632A64C5AA008F5F01 = {
			isa = PBXGroup;
			children = (
				1379976E2A64C5AA008F5F01 /* Dots */,
				1379976D2A64C5AA008F5F01 /* Products */,
			);
			sourceTree = "<group>";
		};
		1379976D2A64C5AA008F5F01 /* Products */ = {
			isa = PBXGroup;
			children = (
				1379976C2A64C5AA008F5F01 /* Dots.app */,
			);
			name = Products;
			sourceTree = "<group>";
		};
		1379976E2A64C5AA008F5F01 /* Dots */ = {
			isa = PBXGroup;
			children = (
				A1FC02CC2A760F5E00B3C319 /* Info.plist */,
				1379976F2A64C5AA008F5F01 /* DotsApp.swift */,
				1373F0612A6959CF001A704D /* Extensions */,
				136AAC702A66D5DA00CA3797 /* Modifier */,
				137997842A64C64B008F5F01 /* View */,
				137997832A64C647008F5F01 /* Model */,
				137997732A64C5AC008F5F01 /* Assets.xcassets */,
				137997752A64C5AC008F5F01 /* Preview Content */,
			);
			path = Dots;
			sourceTree = "<group>";
		};
		137997752A64C5AC008F5F01 /* Preview Content */ = {
			isa = PBXGroup;
			children = (
				137997762A64C5AC008F5F01 /* Preview Assets.xcassets */,
			);
			path = "Preview Content";
			sourceTree = "<group>";
		};
		137997832A64C647008F5F01 /* Model */ = {
			isa = PBXGroup;
			children = (
				136AE40C2A720656009A6F9D /* FilterModel.swift */,
				3D0B1F232A654BD20012A6F4 /* DotsModel.swift */,
				3D0B1F272A67882F0012A6F4 /* Ex+DotsModel_Create.swift */,
				3DA321E12A71F487005E70D0 /* StrengthLevelImage.swift */,
				B4717A642A72CA0000153B9E /* KRDate.swift */,
				3DA321E32A71F591005E70D0 /* CoreData */,
				137997782A64C5AC008F5F01 /* Persistence.swift */,
				1379977D2A64C5AC008F5F01 /* Info.plist */,
			);
			path = Model;
			sourceTree = "<group>";
		};
		137997842A64C64B008F5F01 /* View */ = {
			isa = PBXGroup;
			children = (
				137997862A64C661008F5F01 /* MainView.swift */,
				3DA321DE2A71F34C005E70D0 /* MyStrengthDetailView */,
				3D0B1F3A2A6F4E390012A6F4 /* MyStrengthView */,
				3D0B1F2F2A6BA1930012A6F4 /* SearchView */,
				307D76B72A6E606900847DA8 /* ConnectionView */,
				A1349E3A2A67710C0006611C /* ContactView */,
				137997852A64C651008F5F01 /* Component */,
			);
			path = View;
			sourceTree = "<group>";
		};
		137997852A64C651008F5F01 /* Component */ = {
			isa = PBXGroup;
			children = (
				136AAC7B2A66E30E00CA3797 /* SelectBtn.swift */,
				136AAC7D2A66E32500CA3797 /* CloseBtn.swift */,
				136AAC8A2A676FEF00CA3797 /* CustomConnectionList.swift */,
				1373F05E2A692A08001A704D /* SwipeItemView.swift */,
				B496369B2A73568300C7F59F /* CreateNoteModal.swift */,
				B496369D2A73569E00C7F59F /* OpenNoteModal.swift */,
			);
			path = Component;
			sourceTree = "<group>";
		};
		307D76B72A6E606900847DA8 /* ConnectionView */ = {
			isa = PBXGroup;
			children = (
				30D982902A68CFBE00E89B37 /* ConnectionDetailView.swift */,
				30E33A9D2A6E1A50009A7905 /* ConnectionNoteList.swift */,
				300A8AE02A6FE5B4005FAB3E /* ConnectionAddStrengthModal.swift */,
				300A8AEC2A720A60005FAB3E /* ConnectionProfileEditView.swift */,
				300A8AF02A726F34005FAB3E /* WrappingHStack.swift */,
			);
			path = ConnectionView;
			sourceTree = "<group>";
		};
		3D0B1F2F2A6BA1930012A6F4 /* SearchView */ = {
			isa = PBXGroup;
			children = (
				136AAC882A676E5500CA3797 /* SearchConnectionView.swift */,
				3DA321E62A71F67E005E70D0 /* SearchFilterView */,
				3DA321E52A71F65E005E70D0 /* Modal */,
			);
			path = SearchView;
			sourceTree = "<group>";
		};
		3D0B1F3A2A6F4E390012A6F4 /* MyStrengthView */ = {
			isa = PBXGroup;
			children = (
				136AAC732A66E25100CA3797 /* MyStrengthView.swift */,
				3DA321DF2A71F366005E70D0 /* Components */,
				3DA321E42A71F620005E70D0 /* Visualization */,
			);
			path = MyStrengthView;
			sourceTree = "<group>";
		};
		3DA321DE2A71F34C005E70D0 /* MyStrengthDetailView */ = {
			isa = PBXGroup;
			children = (
				B4EB47202A6774430073E514 /* MyStrengthDetailView.swift */,
				3DA321E02A71F37E005E70D0 /* Components */,
			);
			path = MyStrengthDetailView;
			sourceTree = "<group>";
		};
		3DA321DF2A71F366005E70D0 /* Components */ = {
			isa = PBXGroup;
			children = (
				136AAC7F2A66E33800CA3797 /* CustomList.swift */,
				136AAC822A66E37400CA3797 /* StrengthModal.swift */,
				136AAC792A66E2D500CA3797 /* SelectLevelModal.swift */,
				136AAC752A66E29600CA3797 /* AddStrengthModal.swift */,
			);
			path = Components;
			sourceTree = "<group>";
		};
		3DA321E02A71F37E005E70D0 /* Components */ = {
			isa = PBXGroup;
			children = (
				B4E701982A680678007A3876 /* StrengthNoteList.swift */,
				B4E7019A2A681C7F007A3876 /* PortraitBtn.swift */,
				B42D94D22A6FDD0D008F555D /* ChangeLevelModal.swift */,
			);
			path = Components;
			sourceTree = "<group>";
		};
		3DA321E32A71F591005E70D0 /* CoreData */ = {
			isa = PBXGroup;
			children = (
				1379977A2A64C5AC008F5F01 /* DotsDataContainer.xcdatamodeld */,
				3D0B1F212A654AED0012A6F4 /* DotsDataManager.swift */,
			);
			path = CoreData;
			sourceTree = "<group>";
		};
		3DA321E42A71F620005E70D0 /* Visualization */ = {
			isa = PBXGroup;
			children = (
				3D0B1F3B2A6FD8950012A6F4 /* MetaballAnimation.swift */,
			);
			path = Visualization;
			sourceTree = "<group>";
		};
		3DA321E52A71F65E005E70D0 /* Modal */ = {
			isa = PBXGroup;
			children = (
				1373F0592A67CD26001A704D /* StrengthList.swift */,
				3DA321EB2A720F86005E70D0 /* ContactsListRow.swift */,
			);
			path = Modal;
			sourceTree = "<group>";
		};
		3DA321E62A71F67E005E70D0 /* SearchFilterView */ = {
			isa = PBXGroup;
			children = (
				3D0B1F2D2A6BA1770012A6F4 /* SearchFilterView.swift */,
				3D0B1F302A6BA1B20012A6F4 /* SearchFilterListRow.swift */,
				3D0B1F322A6D71C70012A6F4 /* SearchFilterDetailView.swift */,
			);
			path = SearchFilterView;
			sourceTree = "<group>";
		};
		3DA321ED2A735CF1005E70D0 /* Modal */ = {
			isa = PBXGroup;
			children = (
				3DA321EE2A735D0E005E70D0 /* AddStrengthSheet.swift */,
			);
			path = Modal;
			sourceTree = "<group>";
		};
		A1349E3A2A67710C0006611C /* ContactView */ = {
			isa = PBXGroup;
			children = (
				A1349E322A64E81C0006611C /* AddContactsView.swift */,
				A1349E3D2A6796100006611C /* ContactsUserProfile.swift */,
				A192A2482A69742C0071A79C /* ContactsSelectListView.swift */,
				A1EDAD382A713049002B6BC0 /* ContactsNameField.swift */,
				A1EDAD3A2A7131E0002B6BC0 /* ContactsCompanyField.swift */,
				A1EDAD3C2A7132DE002B6BC0 /* ContactsJobField.swift */,
				A1EDAD3E2A71333F002B6BC0 /* ContactsPhoneField.swift */,
				A1EDAD402A7133A8002B6BC0 /* ContactsEmailField.swift */,
				A1EDAD422A7133F3002B6BC0 /* ContactsSNSField.swift */,
				A1EDAD442A715D7A002B6BC0 /* ContactsStrengthField.swift */,
				3DA321ED2A735CF1005E70D0 /* Modal */,
				A1FC02C92A75086900B3C319 /* ContactsImageSelect.swift */,
			);
			path = ContactView;
			sourceTree = "<group>";
		};
/* End PBXGroup section */

/* Begin PBXNativeTarget section */
		1379976B2A64C5AA008F5F01 /* Dots */ = {
			isa = PBXNativeTarget;
			buildConfigurationList = 137997802A64C5AC008F5F01 /* Build configuration list for PBXNativeTarget "Dots" */;
			buildPhases = (
				137997682A64C5AA008F5F01 /* Sources */,
				137997692A64C5AA008F5F01 /* Frameworks */,
				1379976A2A64C5AA008F5F01 /* Resources */,
			);
			buildRules = (
			);
			dependencies = (
			);
			name = Dots;
			productName = Dots;
			productReference = 1379976C2A64C5AA008F5F01 /* Dots.app */;
			productType = "com.apple.product-type.application";
		};
/* End PBXNativeTarget section */

/* Begin PBXProject section */
		137997642A64C5AA008F5F01 /* Project object */ = {
			isa = PBXProject;
			attributes = {
				BuildIndependentTargetsInParallel = 1;
				LastSwiftUpdateCheck = 1430;
				LastUpgradeCheck = 1430;
				TargetAttributes = {
					1379976B2A64C5AA008F5F01 = {
						CreatedOnToolsVersion = 14.3;
					};
				};
			};
			buildConfigurationList = 137997672A64C5AA008F5F01 /* Build configuration list for PBXProject "Dots" */;
			compatibilityVersion = "Xcode 14.0";
			developmentRegion = en;
			hasScannedForEncodings = 0;
			knownRegions = (
				en,
				Base,
			);
			mainGroup = 137997632A64C5AA008F5F01;
			productRefGroup = 1379976D2A64C5AA008F5F01 /* Products */;
			projectDirPath = "";
			projectRoot = "";
			targets = (
				1379976B2A64C5AA008F5F01 /* Dots */,
			);
		};
/* End PBXProject section */

/* Begin PBXResourcesBuildPhase section */
		1379976A2A64C5AA008F5F01 /* Resources */ = {
			isa = PBXResourcesBuildPhase;
			buildActionMask = 2147483647;
			files = (
				137997772A64C5AC008F5F01 /* Preview Assets.xcassets in Resources */,
				137997742A64C5AC008F5F01 /* Assets.xcassets in Resources */,
			);
			runOnlyForDeploymentPostprocessing = 0;
		};
/* End PBXResourcesBuildPhase section */

/* Begin PBXSourcesBuildPhase section */
		137997682A64C5AA008F5F01 /* Sources */ = {
			isa = PBXSourcesBuildPhase;
			buildActionMask = 2147483647;
			files = (
				A1EDAD452A715D7A002B6BC0 /* ContactsStrengthField.swift in Sources */,
				B4A146AD2A7039660087267A /* DotsDataContainer.xcdatamodeld in Sources */,
				1373F05F2A692A08001A704D /* SwipeItemView.swift in Sources */,
				B496369E2A73569E00C7F59F /* OpenNoteModal.swift in Sources */,
				136AAC7A2A66E2D500CA3797 /* SelectLevelModal.swift in Sources */,
				3DA321EC2A720F86005E70D0 /* ContactsListRow.swift in Sources */,
				A1FC02CA2A75086900B3C319 /* ContactsImageSelect.swift in Sources */,
				3D0B1F2A2A6A29EE0012A6F4 /* Ex+MyStrengthNoteEntity.swift in Sources */,
				A1EDAD3F2A71333F002B6BC0 /* ContactsPhoneField.swift in Sources */,
				3D0B1F282A67882F0012A6F4 /* Ex+DotsModel_Create.swift in Sources */,
				1373F05A2A67CD26001A704D /* StrengthList.swift in Sources */,
				137997792A64C5AC008F5F01 /* Persistence.swift in Sources */,
				B4717A652A72CA0000153B9E /* KRDate.swift in Sources */,
				136AAC832A66E37400CA3797 /* StrengthModal.swift in Sources */,
				136AAC762A66E29600CA3797 /* AddStrengthModal.swift in Sources */,
				136AAC892A676E5500CA3797 /* SearchConnectionView.swift in Sources */,
				3D0B1F242A654BD20012A6F4 /* DotsModel.swift in Sources */,
				A192A2492A69742C0071A79C /* ContactsSelectListView.swift in Sources */,
				3DA321EF2A735D0E005E70D0 /* AddStrengthSheet.swift in Sources */,
				3D0B1F222A654AED0012A6F4 /* DotsDataManager.swift in Sources */,
				B4EB47212A6774430073E514 /* MyStrengthDetailView.swift in Sources */,
				3DA321E22A71F487005E70D0 /* StrengthLevelImage.swift in Sources */,
				B4E701992A680678007A3876 /* StrengthNoteList.swift in Sources */,
				137997872A64C661008F5F01 /* MainView.swift in Sources */,
				136AAC802A66E33800CA3797 /* CustomList.swift in Sources */,
				136AAC8B2A676FEF00CA3797 /* CustomConnectionList.swift in Sources */,
				A1EDAD432A7133F3002B6BC0 /* ContactsSNSField.swift in Sources */,
				1373F0632A6959F4001A704D /* RounededCorner.swift in Sources */,
				136AAC7C2A66E30E00CA3797 /* SelectBtn.swift in Sources */,
				137997702A64C5AA008F5F01 /* DotsApp.swift in Sources */,
				A1EDAD392A713049002B6BC0 /* ContactsNameField.swift in Sources */,
				A1EDAD412A7133A8002B6BC0 /* ContactsEmailField.swift in Sources */,
				3D0B1F332A6D71C70012A6F4 /* SearchFilterDetailView.swift in Sources */,
				300A8AE12A6FE5B4005FAB3E /* ConnectionAddStrengthModal.swift in Sources */,
				300A8AED2A720A60005FAB3E /* ConnectionProfileEditView.swift in Sources */,
				A1349E332A64E81C0006611C /* AddContactsView.swift in Sources */,
				30D982912A68CFBE00E89B37 /* ConnectionDetailView.swift in Sources */,
				300A8AF12A726F34005FAB3E /* WrappingHStack.swift in Sources */,
				B4E7019B2A681C7F007A3876 /* PortraitBtn.swift in Sources */,
				3D0B1F3C2A6FD8950012A6F4 /* MetaballAnimation.swift in Sources */,
				A1349E3E2A6796100006611C /* ContactsUserProfile.swift in Sources */,
				136AAC722A66D5F200CA3797 /* TextModifier.swift in Sources */,
				3D0B1F2C2A6A2A040012A6F4 /* Ex+NetworkingPersonEntity.swift in Sources */,
				A1EDAD3D2A7132DE002B6BC0 /* ContactsJobField.swift in Sources */,
				30E33A9E2A6E1A50009A7905 /* ConnectionNoteList.swift in Sources */,
				307D76B42A6E574600847DA8 /* PopGesture.swift in Sources */,
				136AAC742A66E25100CA3797 /* MyStrengthView.swift in Sources */,
				3D0B1F312A6BA1B20012A6F4 /* SearchFilterListRow.swift in Sources */,
				A1EDAD3B2A7131E0002B6BC0 /* ContactsCompanyField.swift in Sources */,
				3D0B1F392A6ED76D0012A6F4 /* Ex+View.swift in Sources */,
				3D0B1F372A6E113C0012A6F4 /* Ex+Color.swift in Sources */,
				B42D94D32A6FDD0D008F555D /* ChangeLevelModal.swift in Sources */,
				136AE40D2A720657009A6F9D /* FilterModel.swift in Sources */,
				3D0B1F2E2A6BA1770012A6F4 /* SearchFilterView.swift in Sources */,
				B496369C2A73568300C7F59F /* CreateNoteModal.swift in Sources */,
				136AAC7E2A66E32500CA3797 /* CloseBtn.swift in Sources */,
			);
			runOnlyForDeploymentPostprocessing = 0;
		};
/* End PBXSourcesBuildPhase section */

/* Begin XCBuildConfiguration section */
		1379977E2A64C5AC008F5F01 /* Debug */ = {
			isa = XCBuildConfiguration;
			buildSettings = {
				ALWAYS_SEARCH_USER_PATHS = NO;
				CLANG_ANALYZER_NONNULL = YES;
				CLANG_ANALYZER_NUMBER_OBJECT_CONVERSION = YES_AGGRESSIVE;
				CLANG_CXX_LANGUAGE_STANDARD = "gnu++20";
				CLANG_ENABLE_MODULES = YES;
				CLANG_ENABLE_OBJC_ARC = YES;
				CLANG_ENABLE_OBJC_WEAK = YES;
				CLANG_WARN_BLOCK_CAPTURE_AUTORELEASING = YES;
				CLANG_WARN_BOOL_CONVERSION = YES;
				CLANG_WARN_COMMA = YES;
				CLANG_WARN_CONSTANT_CONVERSION = YES;
				CLANG_WARN_DEPRECATED_OBJC_IMPLEMENTATIONS = YES;
				CLANG_WARN_DIRECT_OBJC_ISA_USAGE = YES_ERROR;
				CLANG_WARN_DOCUMENTATION_COMMENTS = YES;
				CLANG_WARN_EMPTY_BODY = YES;
				CLANG_WARN_ENUM_CONVERSION = YES;
				CLANG_WARN_INFINITE_RECURSION = YES;
				CLANG_WARN_INT_CONVERSION = YES;
				CLANG_WARN_NON_LITERAL_NULL_CONVERSION = YES;
				CLANG_WARN_OBJC_IMPLICIT_RETAIN_SELF = YES;
				CLANG_WARN_OBJC_LITERAL_CONVERSION = YES;
				CLANG_WARN_OBJC_ROOT_CLASS = YES_ERROR;
				CLANG_WARN_QUOTED_INCLUDE_IN_FRAMEWORK_HEADER = YES;
				CLANG_WARN_RANGE_LOOP_ANALYSIS = YES;
				CLANG_WARN_STRICT_PROTOTYPES = YES;
				CLANG_WARN_SUSPICIOUS_MOVE = YES;
				CLANG_WARN_UNGUARDED_AVAILABILITY = YES_AGGRESSIVE;
				CLANG_WARN_UNREACHABLE_CODE = YES;
				CLANG_WARN__DUPLICATE_METHOD_MATCH = YES;
				COPY_PHASE_STRIP = NO;
				DEBUG_INFORMATION_FORMAT = dwarf;
				ENABLE_STRICT_OBJC_MSGSEND = YES;
				ENABLE_TESTABILITY = YES;
				GCC_C_LANGUAGE_STANDARD = gnu11;
				GCC_DYNAMIC_NO_PIC = NO;
				GCC_NO_COMMON_BLOCKS = YES;
				GCC_OPTIMIZATION_LEVEL = 0;
				GCC_PREPROCESSOR_DEFINITIONS = (
					"DEBUG=1",
					"$(inherited)",
				);
				GCC_WARN_64_TO_32_BIT_CONVERSION = YES;
				GCC_WARN_ABOUT_RETURN_TYPE = YES_ERROR;
				GCC_WARN_UNDECLARED_SELECTOR = YES;
				GCC_WARN_UNINITIALIZED_AUTOS = YES_AGGRESSIVE;
				GCC_WARN_UNUSED_FUNCTION = YES;
				GCC_WARN_UNUSED_VARIABLE = YES;
				IPHONEOS_DEPLOYMENT_TARGET = 16.4;
				MTL_ENABLE_DEBUG_INFO = INCLUDE_SOURCE;
				MTL_FAST_MATH = YES;
				ONLY_ACTIVE_ARCH = YES;
				SDKROOT = iphoneos;
				SWIFT_ACTIVE_COMPILATION_CONDITIONS = DEBUG;
				SWIFT_OPTIMIZATION_LEVEL = "-Onone";
			};
			name = Debug;
		};
		1379977F2A64C5AC008F5F01 /* Release */ = {
			isa = XCBuildConfiguration;
			buildSettings = {
				ALWAYS_SEARCH_USER_PATHS = NO;
				CLANG_ANALYZER_NONNULL = YES;
				CLANG_ANALYZER_NUMBER_OBJECT_CONVERSION = YES_AGGRESSIVE;
				CLANG_CXX_LANGUAGE_STANDARD = "gnu++20";
				CLANG_ENABLE_MODULES = YES;
				CLANG_ENABLE_OBJC_ARC = YES;
				CLANG_ENABLE_OBJC_WEAK = YES;
				CLANG_WARN_BLOCK_CAPTURE_AUTORELEASING = YES;
				CLANG_WARN_BOOL_CONVERSION = YES;
				CLANG_WARN_COMMA = YES;
				CLANG_WARN_CONSTANT_CONVERSION = YES;
				CLANG_WARN_DEPRECATED_OBJC_IMPLEMENTATIONS = YES;
				CLANG_WARN_DIRECT_OBJC_ISA_USAGE = YES_ERROR;
				CLANG_WARN_DOCUMENTATION_COMMENTS = YES;
				CLANG_WARN_EMPTY_BODY = YES;
				CLANG_WARN_ENUM_CONVERSION = YES;
				CLANG_WARN_INFINITE_RECURSION = YES;
				CLANG_WARN_INT_CONVERSION = YES;
				CLANG_WARN_NON_LITERAL_NULL_CONVERSION = YES;
				CLANG_WARN_OBJC_IMPLICIT_RETAIN_SELF = YES;
				CLANG_WARN_OBJC_LITERAL_CONVERSION = YES;
				CLANG_WARN_OBJC_ROOT_CLASS = YES_ERROR;
				CLANG_WARN_QUOTED_INCLUDE_IN_FRAMEWORK_HEADER = YES;
				CLANG_WARN_RANGE_LOOP_ANALYSIS = YES;
				CLANG_WARN_STRICT_PROTOTYPES = YES;
				CLANG_WARN_SUSPICIOUS_MOVE = YES;
				CLANG_WARN_UNGUARDED_AVAILABILITY = YES_AGGRESSIVE;
				CLANG_WARN_UNREACHABLE_CODE = YES;
				CLANG_WARN__DUPLICATE_METHOD_MATCH = YES;
				COPY_PHASE_STRIP = NO;
				DEBUG_INFORMATION_FORMAT = "dwarf-with-dsym";
				ENABLE_NS_ASSERTIONS = NO;
				ENABLE_STRICT_OBJC_MSGSEND = YES;
				GCC_C_LANGUAGE_STANDARD = gnu11;
				GCC_NO_COMMON_BLOCKS = YES;
				GCC_WARN_64_TO_32_BIT_CONVERSION = YES;
				GCC_WARN_ABOUT_RETURN_TYPE = YES_ERROR;
				GCC_WARN_UNDECLARED_SELECTOR = YES;
				GCC_WARN_UNINITIALIZED_AUTOS = YES_AGGRESSIVE;
				GCC_WARN_UNUSED_FUNCTION = YES;
				GCC_WARN_UNUSED_VARIABLE = YES;
				IPHONEOS_DEPLOYMENT_TARGET = 16.4;
				MTL_ENABLE_DEBUG_INFO = NO;
				MTL_FAST_MATH = YES;
				SDKROOT = iphoneos;
				SWIFT_COMPILATION_MODE = wholemodule;
				SWIFT_OPTIMIZATION_LEVEL = "-O";
				VALIDATE_PRODUCT = YES;
			};
			name = Release;
		};
		137997812A64C5AC008F5F01 /* Debug */ = {
			isa = XCBuildConfiguration;
			buildSettings = {
				ASSETCATALOG_COMPILER_APPICON_NAME = AppIcon;
				ASSETCATALOG_COMPILER_GLOBAL_ACCENT_COLOR_NAME = AccentColor;
				CODE_SIGN_STYLE = Automatic;
				CURRENT_PROJECT_VERSION = 1;
				DEVELOPMENT_TEAM = 34K3V5D9X5;
				ENABLE_PREVIEWS = YES;
				GENERATE_INFOPLIST_FILE = YES;
				INFOPLIST_FILE = Dots/Info.plist;
				INFOPLIST_KEY_NSContactsUsageDescription = "연락처 자동 입력을 위해서 사용자의 연락처에 접근합니다.";
				INFOPLIST_KEY_UIApplicationSceneManifest_Generation = YES;
				INFOPLIST_KEY_UIApplicationSupportsIndirectInputEvents = YES;
				INFOPLIST_KEY_UILaunchScreen_Generation = YES;
				INFOPLIST_KEY_UISupportedInterfaceOrientations = UIInterfaceOrientationPortrait;
				INFOPLIST_KEY_UIUserInterfaceStyle = Light;
				LD_RUNPATH_SEARCH_PATHS = (
					"$(inherited)",
					"@executable_path/Frameworks",
				);
				MARKETING_VERSION = 1.0;
				PRODUCT_BUNDLE_IDENTIFIER = d.Dots;
				PRODUCT_NAME = "$(TARGET_NAME)";
				SWIFT_EMIT_LOC_STRINGS = YES;
				SWIFT_VERSION = 5.0;
				TARGETED_DEVICE_FAMILY = "1,2";
			};
			name = Debug;
		};
		137997822A64C5AC008F5F01 /* Release */ = {
			isa = XCBuildConfiguration;
			buildSettings = {
				ASSETCATALOG_COMPILER_APPICON_NAME = AppIcon;
				ASSETCATALOG_COMPILER_GLOBAL_ACCENT_COLOR_NAME = AccentColor;
				CODE_SIGN_STYLE = Automatic;
				CURRENT_PROJECT_VERSION = 1;
				DEVELOPMENT_ASSET_PATHS = "\"Dots/Preview Content\"";
				DEVELOPMENT_TEAM = 34K3V5D9X5;
				ENABLE_PREVIEWS = YES;
				GENERATE_INFOPLIST_FILE = YES;
				INFOPLIST_FILE = Dots/Info.plist;
				INFOPLIST_KEY_NSContactsUsageDescription = "연락처 자동 입력을 위해서 사용자의 연락처에 접근합니다.";
				INFOPLIST_KEY_UIApplicationSceneManifest_Generation = YES;
				INFOPLIST_KEY_UIApplicationSupportsIndirectInputEvents = YES;
				INFOPLIST_KEY_UILaunchScreen_Generation = YES;
				INFOPLIST_KEY_UISupportedInterfaceOrientations = UIInterfaceOrientationPortrait;
				INFOPLIST_KEY_UIUserInterfaceStyle = Light;
				LD_RUNPATH_SEARCH_PATHS = (
					"$(inherited)",
					"@executable_path/Frameworks",
				);
				MARKETING_VERSION = 1.0;
				PRODUCT_BUNDLE_IDENTIFIER = d.Dots;
				PRODUCT_NAME = "$(TARGET_NAME)";
				SWIFT_EMIT_LOC_STRINGS = YES;
				SWIFT_VERSION = 5.0;
				TARGETED_DEVICE_FAMILY = "1,2";
			};
			name = Release;
		};
/* End XCBuildConfiguration section */

/* Begin XCConfigurationList section */
		137997672A64C5AA008F5F01 /* Build configuration list for PBXProject "Dots" */ = {
			isa = XCConfigurationList;
			buildConfigurations = (
				1379977E2A64C5AC008F5F01 /* Debug */,
				1379977F2A64C5AC008F5F01 /* Release */,
			);
			defaultConfigurationIsVisible = 0;
			defaultConfigurationName = Release;
		};
		137997802A64C5AC008F5F01 /* Build configuration list for PBXNativeTarget "Dots" */ = {
			isa = XCConfigurationList;
			buildConfigurations = (
				137997812A64C5AC008F5F01 /* Debug */,
				137997822A64C5AC008F5F01 /* Release */,
			);
			defaultConfigurationIsVisible = 0;
			defaultConfigurationName = Release;
		};
/* End XCConfigurationList section */

/* Begin XCVersionGroup section */
		1379977A2A64C5AC008F5F01 /* DotsDataContainer.xcdatamodeld */ = {
			isa = XCVersionGroup;
			children = (
				1379977B2A64C5AC008F5F01 /* Dots.xcdatamodel */,
			);
			currentVersion = 1379977B2A64C5AC008F5F01 /* Dots.xcdatamodel */;
			path = DotsDataContainer.xcdatamodeld;
			sourceTree = "<group>";
			versionGroupType = wrapper.xcdatamodel;
		};
/* End XCVersionGroup section */
	};
	rootObject = 137997642A64C5AA008F5F01 /* Project object */;
}
